PODS:
  - MGSwipeCards (2.2.6):
    - pop (~> 1.0)
  - Nimble (7.3.3)
  - pop (1.0.12)
  - PopBounceButton (1.2.2):
    - pop (~> 1.0)
  - Quick (1.3.4)

DEPENDENCIES:
  - MGSwipeCards (from `../`)
  - Nimble
  - PopBounceButton
  - Quick

SPEC REPOS:
  https://github.com/CocoaPods/Specs.git:
    - Nimble
    - pop
    - PopBounceButton
    - Quick

EXTERNAL SOURCES:
  MGSwipeCards:
    :path: "../"

SPEC CHECKSUMS:
  MGSwipeCards: 4347ae3bb3333b3b8cfdcf2fd3fe9f3ef7e1cec8
  Nimble: 3b434b1e7d0a92603a13550a82880b0d952f518e
  pop: d582054913807fd11fd50bfe6a539d91c7e1a55a
  PopBounceButton: 34105a012678222f058f8d2621672724a3d5c9fb
  Quick: f4f7f063c524394c73ed93ac70983c609805d481

PODFILE CHECKSUM: feb1b8fb72f5a0212ad7c331ad27fbb17648dde7

COCOAPODS: 1.5.0
