// !$*UTF8*$!
{
	archiveVersion = 1;
	classes = {
	};
	objectVersion = 50;
	objects = {

/* Begin PBXBuildFile section */
		61F3FA4ABE2F71849B7796BD /* Pods_MGSwipeCards_Example.framework in Frameworks */ = {isa = PBXBuildFile; fileRef = FD00FB837C1D5D4BC52105CA /* Pods_MGSwipeCards_Example.framework */; };
		ADAEDF0220F83A3800172438 /* SampleCard.swift in Sources */ = {isa = PBXBuildFile; fileRef = ADAEDF0120F83A3800172438 /* SampleCard.swift */; };
		ADBB332E20E9D799006A16C4 /* ViewController.swift in Sources */ = {isa = PBXBuildFile; fileRef = ADBB332520E9D799006A16C4 /* ViewController.swift */; };
		ADBB332F20E9D799006A16C4 /* LaunchScreen.storyboard in Resources */ = {isa = PBXBuildFile; fileRef = ADBB332620E9D799006A16C4 /* LaunchScreen.storyboard */; };
		ADBB333020E9D799006A16C4 /* UIView+Anchor.swift in Sources */ = {isa = PBXBuildFile; fileRef = ADBB332720E9D799006A16C4 /* UIView+Anchor.swift */; };
		ADBB333420E9D799006A16C4 /* AppDelegate.swift in Sources */ = {isa = PBXBuildFile; fileRef = ADBB332B20E9D799006A16C4 /* AppDelegate.swift */; };
		ADBB333920E9D7FE006A16C4 /* Assets.xcassets in Resources */ = {isa = PBXBuildFile; fileRef = ADBB333820E9D7FE006A16C4 /* Assets.xcassets */; };
		ADBB333E20E9DB78006A16C4 /* LICENSE in Resources */ = {isa = PBXBuildFile; fileRef = ADBB333B20E9DB78006A16C4 /* LICENSE */; };
		ADBB333F20E9DB78006A16C4 /* MGSwipeCards.podspec in Resources */ = {isa = PBXBuildFile; fileRef = ADBB333C20E9DB78006A16C4 /* MGSwipeCards.podspec */; };
		ADBB334020E9DB78006A16C4 /* README.md in Resources */ = {isa = PBXBuildFile; fileRef = ADBB333D20E9DB78006A16C4 /* README.md */; };
/* End PBXBuildFile section */

/* Begin PBXFileReference section */
		ADAEDF0120F83A3800172438 /* SampleCard.swift */ = {isa = PBXFileReference; lastKnownFileType = sourcecode.swift; path = SampleCard.swift; sourceTree = "<group>"; };
		ADBB330420E9D73B006A16C4 /* MGSwipeCards_Example.app */ = {isa = PBXFileReference; explicitFileType = wrapper.application; includeInIndex = 0; path = MGSwipeCards_Example.app; sourceTree = BUILT_PRODUCTS_DIR; };
		ADBB332520E9D799006A16C4 /* ViewController.swift */ = {isa = PBXFileReference; fileEncoding = 4; lastKnownFileType = sourcecode.swift; path = ViewController.swift; sourceTree = "<group>"; };
		ADBB332620E9D799006A16C4 /* LaunchScreen.storyboard */ = {isa = PBXFileReference; fileEncoding = 4; lastKnownFileType = file.storyboard; path = LaunchScreen.storyboard; sourceTree = "<group>"; };
		ADBB332720E9D799006A16C4 /* UIView+Anchor.swift */ = {isa = PBXFileReference; fileEncoding = 4; lastKnownFileType = sourcecode.swift; path = "UIView+Anchor.swift"; sourceTree = "<group>"; };
		ADBB332B20E9D799006A16C4 /* AppDelegate.swift */ = {isa = PBXFileReference; fileEncoding = 4; lastKnownFileType = sourcecode.swift; path = AppDelegate.swift; sourceTree = "<group>"; };
		ADBB332D20E9D799006A16C4 /* Info.plist */ = {isa = PBXFileReference; fileEncoding = 4; lastKnownFileType = text.plist.xml; path = Info.plist; sourceTree = "<group>"; };
		ADBB333820E9D7FE006A16C4 /* Assets.xcassets */ = {isa = PBXFileReference; lastKnownFileType = folder.assetcatalog; path = Assets.xcassets; sourceTree = "<group>"; };
		ADBB333B20E9DB78006A16C4 /* LICENSE */ = {isa = PBXFileReference; fileEncoding = 4; lastKnownFileType = text; name = LICENSE; path = ../LICENSE; sourceTree = "<group>"; };
		ADBB333C20E9DB78006A16C4 /* MGSwipeCards.podspec */ = {isa = PBXFileReference; fileEncoding = 4; lastKnownFileType = text; name = MGSwipeCards.podspec; path = ../MGSwipeCards.podspec; sourceTree = "<group>"; xcLanguageSpecificationIdentifier = xcode.lang.ruby; };
		ADBB333D20E9DB78006A16C4 /* README.md */ = {isa = PBXFileReference; fileEncoding = 4; lastKnownFileType = net.daringfireball.markdown; name = README.md; path = ../README.md; sourceTree = "<group>"; };
		CAB467A67ACC85F4D1AB7ED9 /* Pods-MGSwipeCards_Example.debug.xcconfig */ = {isa = PBXFileReference; includeInIndex = 1; lastKnownFileType = text.xcconfig; name = "Pods-MGSwipeCards_Example.debug.xcconfig"; path = "Pods/Target Support Files/Pods-MGSwipeCards_Example/Pods-MGSwipeCards_Example.debug.xcconfig"; sourceTree = "<group>"; };
		D99357C68CC26763419BB0B8 /* Pods-MGSwipeCards_Example.release.xcconfig */ = {isa = PBXFileReference; includeInIndex = 1; lastKnownFileType = text.xcconfig; name = "Pods-MGSwipeCards_Example.release.xcconfig"; path = "Pods/Target Support Files/Pods-MGSwipeCards_Example/Pods-MGSwipeCards_Example.release.xcconfig"; sourceTree = "<group>"; };
		FD00FB837C1D5D4BC52105CA /* Pods_MGSwipeCards_Example.framework */ = {isa = PBXFileReference; explicitFileType = wrapper.framework; includeInIndex = 0; path = Pods_MGSwipeCards_Example.framework; sourceTree = BUILT_PRODUCTS_DIR; };
/* End PBXFileReference section */

/* Begin PBXFrameworksBuildPhase section */
		ADBB330120E9D73B006A16C4 /* Frameworks */ = {
			isa = PBXFrameworksBuildPhase;
			buildActionMask = 2147483647;
			files = (
				61F3FA4ABE2F71849B7796BD /* Pods_MGSwipeCards_Example.framework in Frameworks */,
			);
			runOnlyForDeploymentPostprocessing = 0;
		};
/* End PBXFrameworksBuildPhase section */

/* Begin PBXGroup section */
		609FDD062A99FCB841E604AF /* Frameworks */ = {
			isa = PBXGroup;
			children = (
				FD00FB837C1D5D4BC52105CA /* Pods_MGSwipeCards_Example.framework */,
			);
			name = Frameworks;
			sourceTree = "<group>";
		};
		A3E3C537B0C9707CDFF47058 /* Pods */ = {
			isa = PBXGroup;
			children = (
				CAB467A67ACC85F4D1AB7ED9 /* Pods-MGSwipeCards_Example.debug.xcconfig */,
				D99357C68CC26763419BB0B8 /* Pods-MGSwipeCards_Example.release.xcconfig */,
			);
			name = Pods;
			sourceTree = "<group>";
		};
		ADBB32FB20E9D73B006A16C4 = {
			isa = PBXGroup;
			children = (
				ADBB333A20E9DB68006A16C4 /* Podspec Metadata */,
				ADBB332420E9D799006A16C4 /* Example for MGSwipeCards */,
				ADBB330520E9D73B006A16C4 /* Products */,
				A3E3C537B0C9707CDFF47058 /* Pods */,
				609FDD062A99FCB841E604AF /* Frameworks */,
			);
			sourceTree = "<group>";
		};
		ADBB330520E9D73B006A16C4 /* Products */ = {
			isa = PBXGroup;
			children = (
				ADBB330420E9D73B006A16C4 /* MGSwipeCards_Example.app */,
			);
			name = Products;
			sourceTree = "<group>";
		};
		ADBB332420E9D799006A16C4 /* Example for MGSwipeCards */ = {
			isa = PBXGroup;
			children = (
				ADBB332B20E9D799006A16C4 /* AppDelegate.swift */,
				ADAEDF0120F83A3800172438 /* SampleCard.swift */,
				ADBB332520E9D799006A16C4 /* ViewController.swift */,
				ADBB332720E9D799006A16C4 /* UIView+Anchor.swift */,
				ADBB333820E9D7FE006A16C4 /* Assets.xcassets */,
				ADBB332620E9D799006A16C4 /* LaunchScreen.storyboard */,
				ADBB333720E9D7D3006A16C4 /* Supporting Files */,
			);
			name = "Example for MGSwipeCards";
			path = MGSwipeCards;
			sourceTree = "<group>";
		};
		ADBB333720E9D7D3006A16C4 /* Supporting Files */ = {
			isa = PBXGroup;
			children = (
				ADBB332D20E9D799006A16C4 /* Info.plist */,
			);
			name = "Supporting Files";
			sourceTree = "<group>";
		};
		ADBB333A20E9DB68006A16C4 /* Podspec Metadata */ = {
			isa = PBXGroup;
			children = (
				ADBB333B20E9DB78006A16C4 /* LICENSE */,
				ADBB333C20E9DB78006A16C4 /* MGSwipeCards.podspec */,
				ADBB333D20E9DB78006A16C4 /* README.md */,
			);
			name = "Podspec Metadata";
			sourceTree = "<group>";
		};
/* End PBXGroup section */

/* Begin PBXNativeTarget section */
		ADBB330320E9D73B006A16C4 /* MGSwipeCards_Example */ = {
			isa = PBXNativeTarget;
			buildConfigurationList = ADBB331620E9D73C006A16C4 /* Build configuration list for PBXNativeTarget "MGSwipeCards_Example" */;
			buildPhases = (
				3BB0EE3303ACB886015A56B7 /* [CP] Check Pods Manifest.lock */,
				ADBB330020E9D73B006A16C4 /* Sources */,
				ADBB330120E9D73B006A16C4 /* Frameworks */,
				ADBB330220E9D73B006A16C4 /* Resources */,
				CC9D29A8C069DF52A243F40E /* [CP] Embed Pods Frameworks */,
			);
			buildRules = (
			);
			dependencies = (
			);
			name = MGSwipeCards_Example;
			productName = MGSwipeCards;
			productReference = ADBB330420E9D73B006A16C4 /* MGSwipeCards_Example.app */;
			productType = "com.apple.product-type.application";
		};
/* End PBXNativeTarget section */

/* Begin PBXProject section */
		ADBB32FC20E9D73B006A16C4 /* Project object */ = {
			isa = PBXProject;
			attributes = {
				LastSwiftUpdateCheck = 0940;
				LastUpgradeCheck = 0940;
				ORGANIZATIONNAME = "Mac Gallagher";
				TargetAttributes = {
					ADBB330320E9D73B006A16C4 = {
						CreatedOnToolsVersion = 9.4.1;
						LastSwiftMigration = 1000;
					};
				};
			};
			buildConfigurationList = ADBB32FF20E9D73B006A16C4 /* Build configuration list for PBXProject "MGSwipeCards" */;
			compatibilityVersion = "Xcode 9.3";
			developmentRegion = en;
			hasScannedForEncodings = 0;
			knownRegions = (
				en,
				Base,
			);
			mainGroup = ADBB32FB20E9D73B006A16C4;
			productRefGroup = ADBB330520E9D73B006A16C4 /* Products */;
			projectDirPath = "";
			projectRoot = "";
			targets = (
				ADBB330320E9D73B006A16C4 /* MGSwipeCards_Example */,
			);
		};
/* End PBXProject section */

/* Begin PBXResourcesBuildPhase section */
		ADBB330220E9D73B006A16C4 /* Resources */ = {
			isa = PBXResourcesBuildPhase;
			buildActionMask = 2147483647;
			files = (
				ADBB333E20E9DB78006A16C4 /* LICENSE in Resources */,
				ADBB333F20E9DB78006A16C4 /* MGSwipeCards.podspec in Resources */,
				ADBB334020E9DB78006A16C4 /* README.md in Resources */,
				ADBB333920E9D7FE006A16C4 /* Assets.xcassets in Resources */,
				ADBB332F20E9D799006A16C4 /* LaunchScreen.storyboard in Resources */,
			);
			runOnlyForDeploymentPostprocessing = 0;
		};
/* End PBXResourcesBuildPhase section */

/* Begin PBXShellScriptBuildPhase section */
		3BB0EE3303ACB886015A56B7 /* [CP] Check Pods Manifest.lock */ = {
			isa = PBXShellScriptBuildPhase;
			buildActionMask = 2147483647;
			files = (
			);
			inputPaths = (
				"${PODS_PODFILE_DIR_PATH}/Podfile.lock",
				"${PODS_ROOT}/Manifest.lock",
			);
			name = "[CP] Check Pods Manifest.lock";
			outputPaths = (
				"$(DERIVED_FILE_DIR)/Pods-MGSwipeCards_Example-checkManifestLockResult.txt",
			);
			runOnlyForDeploymentPostprocessing = 0;
			shellPath = /bin/sh;
			shellScript = "diff \"${PODS_PODFILE_DIR_PATH}/Podfile.lock\" \"${PODS_ROOT}/Manifest.lock\" > /dev/null\nif [ $? != 0 ] ; then\n    # print error to STDERR\n    echo \"error: The sandbox is not in sync with the Podfile.lock. Run 'pod install' or update your CocoaPods installation.\" >&2\n    exit 1\nfi\n# This output is used by Xcode 'outputs' to avoid re-running this script phase.\necho \"SUCCESS\" > \"${SCRIPT_OUTPUT_FILE_0}\"\n";
			showEnvVarsInLog = 0;
		};
		CC9D29A8C069DF52A243F40E /* [CP] Embed Pods Frameworks */ = {
			isa = PBXShellScriptBuildPhase;
			buildActionMask = 2147483647;
			files = (
			);
			inputPaths = (
				"${SRCROOT}/Pods/Target Support Files/Pods-MGSwipeCards_Example/Pods-MGSwipeCards_Example-frameworks.sh",
				"${BUILT_PRODUCTS_DIR}/MGSwipeCards/MGSwipeCards.framework",
				"${BUILT_PRODUCTS_DIR}/PopBounceButton/PopBounceButton.framework",
				"${BUILT_PRODUCTS_DIR}/pop/pop.framework",
			);
			name = "[CP] Embed Pods Frameworks";
			outputPaths = (
				"${TARGET_BUILD_DIR}/${FRAMEWORKS_FOLDER_PATH}/MGSwipeCards.framework",
				"${TARGET_BUILD_DIR}/${FRAMEWORKS_FOLDER_PATH}/PopBounceButton.framework",
				"${TARGET_BUILD_DIR}/${FRAMEWORKS_FOLDER_PATH}/pop.framework",
			);
			runOnlyForDeploymentPostprocessing = 0;
			shellPath = /bin/sh;
			shellScript = "\"${SRCROOT}/Pods/Target Support Files/Pods-MGSwipeCards_Example/Pods-MGSwipeCards_Example-frameworks.sh\"\n";
			showEnvVarsInLog = 0;
		};
/* End PBXShellScriptBuildPhase section */

/* Begin PBXSourcesBuildPhase section */
		ADBB330020E9D73B006A16C4 /* Sources */ = {
			isa = PBXSourcesBuildPhase;
			buildActionMask = 2147483647;
			files = (
				ADBB333420E9D799006A16C4 /* AppDelegate.swift in Sources */,
				ADAEDF0220F83A3800172438 /* SampleCard.swift in Sources */,
				ADBB333020E9D799006A16C4 /* UIView+Anchor.swift in Sources */,
				ADBB332E20E9D799006A16C4 /* ViewController.swift in Sources */,
			);
			runOnlyForDeploymentPostprocessing = 0;
		};
/* End PBXSourcesBuildPhase section */

/* Begin XCBuildConfiguration section */
		ADBB331420E9D73C006A16C4 /* Debug */ = {
			isa = XCBuildConfiguration;
			buildSettings = {
				ALWAYS_SEARCH_USER_PATHS = NO;
				CLANG_ANALYZER_NONNULL = YES;
				CLANG_ANALYZER_NUMBER_OBJECT_CONVERSION = YES_AGGRESSIVE;
				CLANG_CXX_LANGUAGE_STANDARD = "gnu++14";
				CLANG_CXX_LIBRARY = "libc++";
				CLANG_ENABLE_MODULES = YES;
				CLANG_ENABLE_OBJC_ARC = YES;
				CLANG_ENABLE_OBJC_WEAK = YES;
				CLANG_WARN_BLOCK_CAPTURE_AUTORELEASING = YES;
				CLANG_WARN_BOOL_CONVERSION = YES;
				CLANG_WARN_COMMA = YES;
				CLANG_WARN_CONSTANT_CONVERSION = YES;
				CLANG_WARN_DEPRECATED_OBJC_IMPLEMENTATIONS = YES;
				CLANG_WARN_DIRECT_OBJC_ISA_USAGE = YES_ERROR;
				CLANG_WARN_DOCUMENTATION_COMMENTS = YES;
				CLANG_WARN_EMPTY_BODY = YES;
				CLANG_WARN_ENUM_CONVERSION = YES;
				CLANG_WARN_INFINITE_RECURSION = YES;
				CLANG_WARN_INT_CONVERSION = YES;
				CLANG_WARN_NON_LITERAL_NULL_CONVERSION = YES;
				CLANG_WARN_OBJC_IMPLICIT_RETAIN_SELF = YES;
				CLANG_WARN_OBJC_LITERAL_CONVERSION = YES;
				CLANG_WARN_OBJC_ROOT_CLASS = YES_ERROR;
				CLANG_WARN_RANGE_LOOP_ANALYSIS = YES;
				CLANG_WARN_STRICT_PROTOTYPES = YES;
				CLANG_WARN_SUSPICIOUS_MOVE = YES;
				CLANG_WARN_UNGUARDED_AVAILABILITY = YES_AGGRESSIVE;
				CLANG_WARN_UNREACHABLE_CODE = YES;
				CLANG_WARN__DUPLICATE_METHOD_MATCH = YES;
				CODE_SIGN_IDENTITY = "iPhone Developer";
				COPY_PHASE_STRIP = NO;
				DEBUG_INFORMATION_FORMAT = dwarf;
				ENABLE_STRICT_OBJC_MSGSEND = YES;
				ENABLE_TESTABILITY = YES;
				GCC_C_LANGUAGE_STANDARD = gnu11;
				GCC_DYNAMIC_NO_PIC = NO;
				GCC_NO_COMMON_BLOCKS = YES;
				GCC_OPTIMIZATION_LEVEL = 0;
				GCC_PREPROCESSOR_DEFINITIONS = (
					"DEBUG=1",
					"$(inherited)",
				);
				GCC_WARN_64_TO_32_BIT_CONVERSION = YES;
				GCC_WARN_ABOUT_RETURN_TYPE = YES_ERROR;
				GCC_WARN_UNDECLARED_SELECTOR = YES;
				GCC_WARN_UNINITIALIZED_AUTOS = YES_AGGRESSIVE;
				GCC_WARN_UNUSED_FUNCTION = YES;
				GCC_WARN_UNUSED_VARIABLE = YES;
				IPHONEOS_DEPLOYMENT_TARGET = 12.0;
				MTL_ENABLE_DEBUG_INFO = YES;
				ONLY_ACTIVE_ARCH = YES;
				SDKROOT = iphoneos;
				SWIFT_ACTIVE_COMPILATION_CONDITIONS = DEBUG;
				SWIFT_OPTIMIZATION_LEVEL = "-Onone";
				SWIFT_VERSION = 4.2;
			};
			name = Debug;
		};
		ADBB331520E9D73C006A16C4 /* Release */ = {
			isa = XCBuildConfiguration;
			buildSettings = {
				ALWAYS_SEARCH_USER_PATHS = NO;
				CLANG_ANALYZER_NONNULL = YES;
				CLANG_ANALYZER_NUMBER_OBJECT_CONVERSION = YES_AGGRESSIVE;
				CLANG_CXX_LANGUAGE_STANDARD = "gnu++14";
				CLANG_CXX_LIBRARY = "libc++";
				CLANG_ENABLE_MODULES = YES;
				CLANG_ENABLE_OBJC_ARC = YES;
				CLANG_ENABLE_OBJC_WEAK = YES;
				CLANG_WARN_BLOCK_CAPTURE_AUTORELEASING = YES;
				CLANG_WARN_BOOL_CONVERSION = YES;
				CLANG_WARN_COMMA = YES;
				CLANG_WARN_CONSTANT_CONVERSION = YES;
				CLANG_WARN_DEPRECATED_OBJC_IMPLEMENTATIONS = YES;
				CLANG_WARN_DIRECT_OBJC_ISA_USAGE = YES_ERROR;
				CLANG_WARN_DOCUMENTATION_COMMENTS = YES;
				CLANG_WARN_EMPTY_BODY = YES;
				CLANG_WARN_ENUM_CONVERSION = YES;
				CLANG_WARN_INFINITE_RECURSION = YES;
				CLANG_WARN_INT_CONVERSION = YES;
				CLANG_WARN_NON_LITERAL_NULL_CONVERSION = YES;
				CLANG_WARN_OBJC_IMPLICIT_RETAIN_SELF = YES;
				CLANG_WARN_OBJC_LITERAL_CONVERSION = YES;
				CLANG_WARN_OBJC_ROOT_CLASS = YES_ERROR;
				CLANG_WARN_RANGE_LOOP_ANALYSIS = YES;
				CLANG_WARN_STRICT_PROTOTYPES = YES;
				CLANG_WARN_SUSPICIOUS_MOVE = YES;
				CLANG_WARN_UNGUARDED_AVAILABILITY = YES_AGGRESSIVE;
				CLANG_WARN_UNREACHABLE_CODE = YES;
				CLANG_WARN__DUPLICATE_METHOD_MATCH = YES;
				CODE_SIGN_IDENTITY = "iPhone Developer";
				COPY_PHASE_STRIP = NO;
				DEBUG_INFORMATION_FORMAT = "dwarf-with-dsym";
				ENABLE_NS_ASSERTIONS = NO;
				ENABLE_STRICT_OBJC_MSGSEND = YES;
				GCC_C_LANGUAGE_STANDARD = gnu11;
				GCC_NO_COMMON_BLOCKS = YES;
				GCC_WARN_64_TO_32_BIT_CONVERSION = YES;
				GCC_WARN_ABOUT_RETURN_TYPE = YES_ERROR;
				GCC_WARN_UNDECLARED_SELECTOR = YES;
				GCC_WARN_UNINITIALIZED_AUTOS = YES_AGGRESSIVE;
				GCC_WARN_UNUSED_FUNCTION = YES;
				GCC_WARN_UNUSED_VARIABLE = YES;
				IPHONEOS_DEPLOYMENT_TARGET = 12.0;
				MTL_ENABLE_DEBUG_INFO = NO;
				SDKROOT = iphoneos;
				SWIFT_COMPILATION_MODE = wholemodule;
				SWIFT_OPTIMIZATION_LEVEL = "-O";
				SWIFT_VERSION = 4.2;
				VALIDATE_PRODUCT = YES;
			};
			name = Release;
		};
		ADBB331720E9D73C006A16C4 /* Debug */ = {
			isa = XCBuildConfiguration;
			baseConfigurationReference = CAB467A67ACC85F4D1AB7ED9 /* Pods-MGSwipeCards_Example.debug.xcconfig */;
			buildSettings = {
				ASSETCATALOG_COMPILER_APPICON_NAME = AppIcon;
				CODE_SIGN_STYLE = Automatic;
				DEVELOPMENT_TEAM = DYZ8Y2U8DB;
				INFOPLIST_FILE = MGSwipeCards/Info.plist;
				LD_RUNPATH_SEARCH_PATHS = (
					"$(inherited)",
					"@executable_path/Frameworks",
				);
				PRODUCT_BUNDLE_IDENTIFIER = com.macgallagher.MGSwipeCards;
				PRODUCT_NAME = "$(TARGET_NAME)";
				SWIFT_VERSION = 4.2;
				TARGETED_DEVICE_FAMILY = "1,2";
			};
			name = Debug;
		};
		ADBB331820E9D73C006A16C4 /* Release */ = {
			isa = XCBuildConfiguration;
			baseConfigurationReference = D99357C68CC26763419BB0B8 /* Pods-MGSwipeCards_Example.release.xcconfig */;
			buildSettings = {
				ASSETCATALOG_COMPILER_APPICON_NAME = AppIcon;
				CODE_SIGN_STYLE = Automatic;
				DEVELOPMENT_TEAM = DYZ8Y2U8DB;
				INFOPLIST_FILE = MGSwipeCards/Info.plist;
				LD_RUNPATH_SEARCH_PATHS = (
					"$(inherited)",
					"@executable_path/Frameworks",
				);
				PRODUCT_BUNDLE_IDENTIFIER = com.macgallagher.MGSwipeCards;
				PRODUCT_NAME = "$(TARGET_NAME)";
				SWIFT_VERSION = 4.2;
				TARGETED_DEVICE_FAMILY = "1,2";
			};
			name = Release;
		};
/* End XCBuildConfiguration section */

/* Begin XCConfigurationList section */
		ADBB32FF20E9D73B006A16C4 /* Build configuration list for PBXProject "MGSwipeCards" */ = {
			isa = XCConfigurationList;
			buildConfigurations = (
				ADBB331420E9D73C006A16C4 /* Debug */,
				ADBB331520E9D73C006A16C4 /* Release */,
			);
			defaultConfigurationIsVisible = 0;
			defaultConfigurationName = Release;
		};
		ADBB331620E9D73C006A16C4 /* Build configuration list for PBXNativeTarget "MGSwipeCards_Example" */ = {
			isa = XCConfigurationList;
			buildConfigurations = (
				ADBB331720E9D73C006A16C4 /* Debug */,
				ADBB331820E9D73C006A16C4 /* Release */,
			);
			defaultConfigurationIsVisible = 0;
			defaultConfigurationName = Release;
		};
/* End XCConfigurationList section */
	};
	rootObject = ADBB32FC20E9D73B006A16C4 /* Project object */;
}
